
Microsoft Visual Studio Solution File, Format Version 12.00
# Visual Studio Version 16
VisualStudioVersion = 16.0.29613.14
MinimumVisualStudioVersion = 15.0.26124.0
Project("{FAE04EC0-301F-11D3-BF4B-00C04F79EFBC}") = "WeatherStationEvents", "WeatherStationEvents\WeatherStationEvents.csproj", "{EAF01047-836F-45DD-AE2D-56D681C82A4F}"
EndProject
Global
	GlobalSection(SolutionConfigurationPlatforms) = preSolution
		Debug|Any CPU = Debug|Any CPU
		Release|Any CPU = Release|Any CPU
	EndGlobalSection
	GlobalSection(ProjectConfigurationPlatforms) = postSolution
		{EAF01047-836F-45DD-AE2D-56D681C82A4F}.Debug|Any CPU.ActiveCfg = Debug|Any CPU
		{EAF01047-836F-45DD-AE2D-56D681C82A4F}.Debug|Any CPU.Build.0 = Debug|Any CPU
		{EAF01047-836F-45DD-AE2D-56D681C82A4F}.Release|Any CPU.ActiveCfg = Release|Any CPU
		{EAF01047-836F-45DD-AE2D-56D681C82A4F}.Release|Any CPU.Build.0 = Release|Any CPU
	EndGlobalSection
	GlobalSection(SolutionProperties) = preSolution
		HideSolutionNode = FALSE
	EndGlobalSection
	GlobalSection(ExtensibilityGlobals) = postSolution
		SolutionGuid = {30BCC882-865B-4E71-A8FA-6DFDE16D7547}
	EndGlobalSection
EndGlobal
